hash: 2e31480388e0c68d129f1f8d8dd41d4f3a66b7b6e52fd0ea6a6b215028ec2400
updated: 2016-06-24T08:01:48.504846703-04:00
imports:
- name: github.com/BurntSushi/toml
  version: bbd5bb678321a0d6e58f1099321dfa73391c1b6f
- name: github.com/coreos/etcd
  version: 6335fdc595ff03d27007db04e5b545189b9647c6
  subpackages:
  - error
- name: github.com/coreos/go-etcd
  version: f02171fbd43c7b9b53ce8679b03235a1ef3c7b12
  subpackages:
  - etcd
- name: github.com/coreos/go-systemd
  version: 6dc8b843c670f2027cc26b164935635840a40526
  subpackages:
  - dbus
  - unit
- name: github.com/davecgh/go-spew
  version: 2df174808ee097f90d259e432cc04442cf60be21
  subpackages:
  - spew
- name: github.com/davecgh/go-xdr
  version: a829af976409261bb27af8bfebe356624dcb8bae
  subpackages:
  - xdr2
- name: github.com/go-ole/go-ole
  version: 572eabb84c424e76a0d39d31510dd7dfd62f70b2
  subpackages:
  - oleutil
- name: github.com/godbus/dbus
  version: d40f8873baf2c51e569484fd212d0667c54aa343
- name: github.com/hashicorp/consul
  version: 26a0ef8c41aa2252ab4cf0844fc6470c8e1d8256
  subpackages:
  - api
  - watch
- name: github.com/hashicorp/go-cleanhttp
  version: 875fb671b3ddc66f8e2f0acc33829c8cb989a38d
- name: github.com/hashicorp/hcl
  version: 578dd9746824a54637686b51a41bad457a56bcef
  subpackages:
  - hcl/ast
  - hcl/parser
  - hcl/token
  - json/parser
  - hcl/scanner
  - hcl/strconv
  - json/scanner
  - json/token
- name: github.com/hashicorp/serf
  version: e4ec8cc423bbe20d26584b96efbeb9102e16d05f
  subpackages:
  - coordinate
  - serf
- name: github.com/inconshreveable/mousetrap
  version: 76626ae9c91c4f2a10f34cad8ce83ea42c93bb75
- name: github.com/kr/pretty
  version: add1dbc86daf0f983cd4a48ceb39deb95c729b67
- name: github.com/kr/text
  version: bb797dc4fb8320488f47bf11de07a733d7233e1f
- name: github.com/krolaw/dhcp4
  version: ffbbb16f447b3e05b80e8ddecbb8ada36e2ae006
- name: github.com/magiconair/properties
  version: c265cfa48dda6474e208715ca93e987829f572f8
- name: github.com/mistifyio/go-zfs
  version: 22c9b32c84eb0d0c6f4043b6e90fc94073de92fa
- name: github.com/mitchellh/mapstructure
  version: d2dd0262208475919e1a362f675cfc0e7c10e905
- name: github.com/pborman/uuid
  version: a97ce2ca70fa5a848076093f05e639a89ca34d06
- name: github.com/pmezard/go-difflib
  version: d8ed2627bdf02c080bf22230dbb337003b7aba2d
  subpackages:
  - difflib
- name: github.com/shirou/gopsutil
  version: 22a03b5be3f384f558742929065778aa26471033
  subpackages:
  - cpu
  - disk
  - host
  - load
  - mem
  - net
  - internal/common
  - process
- name: github.com/shirou/w32
  version: 3c9377fc6748f222729a8270fe2775d149a249ad
- name: github.com/Sirupsen/logrus
  version: 4b6ea7319e214d98c938f12692336f7ca9348d6b
- name: github.com/spf13/cast
  version: 27b586b42e29bec072fe7379259cc719e1289da6
- name: github.com/spf13/cobra
  version: 4c05eb1145f16d0e6bb4a3e1b6d769f4713cb41f
- name: github.com/spf13/jwalterweatherman
  version: 33c24e77fb80341fe7130ee7c594256ff08ccc46
- name: github.com/spf13/pflag
  version: 7f60f83a2c81bc3c3c0d5297f61ddfa68da9d3b7
- name: github.com/spf13/viper
  version: c975dc1b4eacf4ec7fdbf0873638de5d090ba323
- name: github.com/StackExchange/wmi
  version: f3e2bae1e0cb5aef83e319133eabfee30013a4a5
- name: github.com/stretchr/testify
  version: f390dcf405f7b83c997eac1b06768bb9f44dec18
  subpackages:
  - suite
  - assert
  - require
- name: github.com/tylerb/graceful
  version: ecde8c8f16df93a994dda8936c8f60f0c26c28ab
- name: golang.org/x/net
  version: e45385e9b226f570b1f086bf287b25d3d4117776
  subpackages:
  - netutil
- name: golang.org/x/sys
  version: 042a8f53ce82bbe081222da955159491e32146a0
  subpackages:
  - unix
- name: gopkg.in/fsnotify.v1
  version: 875cf421b32f8f1b31bd43776297876d01542279
- name: gopkg.in/tomb.v2
  version: 14b3d72120e8d10ea6e6b7f87f7175734b1faab8
- name: gopkg.in/yaml.v2
  version: a83829b6f1293c91addabc89d0571c246397bbf4
devImports: []
